# THIS IS AN AUTOGENERATED FILE. DO NOT EDIT THIS FILE DIRECTLY.
# yarn lockfile v1


"@azure/abort-controller@^1.0.0":
  version "1.0.4"
  resolved "https://registry.npmjs.org/@azure/abort-controller/-/abort-controller-1.0.4.tgz"
  dependencies:
    tslib "^2.0.0"

"@azure/core-auth@^1.2.0":
  version "1.3.0"
  resolved "https://registry.npmjs.org/@azure/core-auth/-/core-auth-1.3.0.tgz"
  dependencies:
    "@azure/abort-controller" "^1.0.0"
    tslib "^2.0.0"

"@azure/cosmos@^3.10.5":
  version "3.10.5"
  resolved "https://registry.npmjs.org/@azure/cosmos/-/cosmos-3.10.5.tgz"
  dependencies:
    "@azure/core-auth" "^1.2.0"
    debug "^4.1.1"
    fast-json-stable-stringify "^2.0.0"
    jsbi "^3.1.3"
    node-abort-controller "^1.2.0"
    node-fetch "^2.6.0"
    priorityqueuejs "^1.0.0"
    semaphore "^1.0.5"
    tslib "^2.0.0"
    universal-user-agent "^6.0.0"
    uuid "^8.3.0"

abort-controller@^3.0.0:
  version "3.0.0"
  resolved "https://registry.npmjs.org/abort-controller/-/abort-controller-3.0.0.tgz"
  dependencies:
    event-target-shim "^5.0.0"

array-filter@^1.0.0:
  version "1.0.0"
  resolved "https://registry.npmjs.org/array-filter/-/array-filter-1.0.0.tgz"
  integrity "sha1-uveeYubvTCpMC4MSMtr/7CUfnYM= sha512-Ene1hbrinPZ1qPoZp7NSx4jQnh4nr7MtY78pHNb+yr8yHbxmTS7ChGW0a55JKA7TkRDeoQxK4GcJaCvBYplSKA=="

available-typed-arrays@^1.0.2:
  version "1.0.2"
  resolved "https://registry.npmjs.org/available-typed-arrays/-/available-typed-arrays-1.0.2.tgz"
  dependencies:
    array-filter "^1.0.0"

axios@^0.21.1:
  version "0.21.2"
  resolved "https://registry.npmjs.org/axios/-/axios-0.21.2.tgz"
  dependencies:
    follow-redirects "^1.14.0"

buffer-alloc-unsafe@^1.1.0:
  version "1.1.0"
  resolved "https://registry.npmjs.org/buffer-alloc-unsafe/-/buffer-alloc-unsafe-1.1.0.tgz"

buffer-alloc@^1.2.0:
  version "1.2.0"
  resolved "https://registry.npmjs.org/buffer-alloc/-/buffer-alloc-1.2.0.tgz"
  dependencies:
    buffer-alloc-unsafe "^1.1.0"
    buffer-fill "^1.0.0"

buffer-fill@^1.0.0:
  version "1.0.0"
  resolved "https://registry.npmjs.org/buffer-fill/-/buffer-fill-1.0.0.tgz"
  integrity "sha1-+PeLdniYiO858gXNY39o5wISKyw= sha512-T7zexNBwiiaCOGDg9xNX9PBmjrubblRkENuptryuI64URkXDFum9il/JGL8Lm8wYfAXpredVXXZz7eMHilimiQ=="

call-bind@^1.0.0, call-bind@^1.0.2:
  version "1.0.2"
  resolved "https://registry.npmjs.org/call-bind/-/call-bind-1.0.2.tgz"
  dependencies:
    function-bind "^1.1.1"
    get-intrinsic "^1.0.2"

debug@^4.1.1, debug@^4.3.1:
  version "4.3.1"
  resolved "https://registry.npmjs.org/debug/-/debug-4.3.1.tgz"
  dependencies:
    ms "2.1.2"

deep-equal@^2.0.5:
  version "2.0.5"
  resolved "https://registry.npmjs.org/deep-equal/-/deep-equal-2.0.5.tgz"
  dependencies:
    call-bind "^1.0.0"
    es-get-iterator "^1.1.1"
    get-intrinsic "^1.0.1"
    is-arguments "^1.0.4"
    is-date-object "^1.0.2"
    is-regex "^1.1.1"
    isarray "^2.0.5"
    object-is "^1.1.4"
    object-keys "^1.1.1"
    object.assign "^4.1.2"
    regexp.prototype.flags "^1.3.0"
    side-channel "^1.0.3"
    which-boxed-primitive "^1.0.1"
    which-collection "^1.0.1"
    which-typed-array "^1.1.2"

define-properties@^1.1.3:
  version "1.1.3"
  resolved "https://registry.npmjs.org/define-properties/-/define-properties-1.1.3.tgz"
  dependencies:
    object-keys "^1.0.12"

dotenv@^8.2.0:
  version "8.2.0"
  resolved "https://registry.npmjs.org/dotenv/-/dotenv-8.2.0.tgz"

es-abstract@^1.18.0-next.1, es-abstract@^1.18.0-next.2:
  version "1.18.0"
  resolved "https://registry.npmjs.org/es-abstract/-/es-abstract-1.18.0.tgz"
  dependencies:
    call-bind "^1.0.2"
    es-to-primitive "^1.2.1"
    function-bind "^1.1.1"
    get-intrinsic "^1.1.1"
    has "^1.0.3"
    has-symbols "^1.0.2"
    is-callable "^1.2.3"
    is-negative-zero "^2.0.1"
    is-regex "^1.1.2"
    is-string "^1.0.5"
    object-inspect "^1.9.0"
    object-keys "^1.1.1"
    object.assign "^4.1.2"
    string.prototype.trimend "^1.0.4"
    string.prototype.trimstart "^1.0.4"
    unbox-primitive "^1.0.0"

es-get-iterator@^1.1.1:
  version "1.1.2"
  resolved "https://registry.npmjs.org/es-get-iterator/-/es-get-iterator-1.1.2.tgz"
  dependencies:
    call-bind "^1.0.2"
    get-intrinsic "^1.1.0"
    has-symbols "^1.0.1"
    is-arguments "^1.1.0"
    is-map "^2.0.2"
    is-set "^2.0.2"
    is-string "^1.0.5"
    isarray "^2.0.5"

es-to-primitive@^1.2.1:
  version "1.2.1"
  resolved "https://registry.npmjs.org/es-to-primitive/-/es-to-primitive-1.2.1.tgz"
  dependencies:
    is-callable "^1.1.4"
    is-date-object "^1.0.1"
    is-symbol "^1.0.2"

event-target-shim@^5.0.0:
  version "5.0.1"
  resolved "https://registry.npmjs.org/event-target-shim/-/event-target-shim-5.0.1.tgz"

fast-json-stable-stringify@^2.0.0:
  version "2.1.0"
  resolved "https://registry.npmjs.org/fast-json-stable-stringify/-/fast-json-stable-stringify-2.1.0.tgz"

follow-redirects@^1.14.0:
  version "1.14.8"
  resolved "https://registry.npmjs.org/follow-redirects/-/follow-redirects-1.14.8.tgz"

foreach@^2.0.5:
  version "2.0.5"
  resolved "https://registry.npmjs.org/foreach/-/foreach-2.0.5.tgz"
  integrity "sha1-C+4AUBiusmDQo6865ljdATbsG5k= sha512-ZBbtRiapkZYLsqoPyZOR+uPfto0GRMNQN1GwzZtZt7iZvPPbDDQV0JF5Hx4o/QFQ5c0vyuoZ98T8RSBbopzWtA=="

function-bind@^1.1.1:
  version "1.1.1"
  resolved "https://registry.npmjs.org/function-bind/-/function-bind-1.1.1.tgz"

get-intrinsic@^1.0.1, get-intrinsic@^1.0.2, get-intrinsic@^1.1.0, get-intrinsic@^1.1.1:
  version "1.1.1"
  resolved "https://registry.npmjs.org/get-intrinsic/-/get-intrinsic-1.1.1.tgz"
  dependencies:
    function-bind "^1.1.1"
    has "^1.0.3"
    has-symbols "^1.0.1"

has-bigints@^1.0.1:
  version "1.0.1"
  resolved "https://registry.npmjs.org/has-bigints/-/has-bigints-1.0.1.tgz"

has-symbols@^1.0.1, has-symbols@^1.0.2:
  version "1.0.2"
  resolved "https://registry.npmjs.org/has-symbols/-/has-symbols-1.0.2.tgz"

has@^1.0.3:
  version "1.0.3"
  resolved "https://registry.npmjs.org/has/-/has-1.0.3.tgz"
  dependencies:
    function-bind "^1.1.1"

he@^1.2.0:
  version "1.2.0"
  resolved "https://registry.npmjs.org/he/-/he-1.2.0.tgz"

is-arguments@^1.0.4, is-arguments@^1.1.0:
  version "1.1.0"
  resolved "https://registry.npmjs.org/is-arguments/-/is-arguments-1.1.0.tgz"
  dependencies:
    call-bind "^1.0.0"

is-bigint@^1.0.1:
  version "1.0.1"
  resolved "https://registry.npmjs.org/is-bigint/-/is-bigint-1.0.1.tgz"

is-boolean-object@^1.1.0:
  version "1.1.0"
  resolved "https://registry.npmjs.org/is-boolean-object/-/is-boolean-object-1.1.0.tgz"
  dependencies:
    call-bind "^1.0.0"

is-callable@^1.1.4, is-callable@^1.2.3:
  version "1.2.3"
  resolved "https://registry.npmjs.org/is-callable/-/is-callable-1.2.3.tgz"

is-date-object@^1.0.1, is-date-object@^1.0.2:
  version "1.0.2"
  resolved "https://registry.npmjs.org/is-date-object/-/is-date-object-1.0.2.tgz"

is-map@^2.0.1, is-map@^2.0.2:
  version "2.0.2"
  resolved "https://registry.npmjs.org/is-map/-/is-map-2.0.2.tgz"

is-negative-zero@^2.0.1:
  version "2.0.1"
  resolved "https://registry.npmjs.org/is-negative-zero/-/is-negative-zero-2.0.1.tgz"

is-number-object@^1.0.4:
  version "1.0.4"
  resolved "https://registry.npmjs.org/is-number-object/-/is-number-object-1.0.4.tgz"

is-regex@^1.1.1, is-regex@^1.1.2:
  version "1.1.2"
  resolved "https://registry.npmjs.org/is-regex/-/is-regex-1.1.2.tgz"
  dependencies:
    call-bind "^1.0.2"
    has-symbols "^1.0.1"

is-set@^2.0.1, is-set@^2.0.2:
  version "2.0.2"
  resolved "https://registry.npmjs.org/is-set/-/is-set-2.0.2.tgz"

is-string@^1.0.5:
  version "1.0.5"
  resolved "https://registry.npmjs.org/is-string/-/is-string-1.0.5.tgz"

is-symbol@^1.0.2, is-symbol@^1.0.3:
  version "1.0.3"
  resolved "https://registry.npmjs.org/is-symbol/-/is-symbol-1.0.3.tgz"
  dependencies:
    has-symbols "^1.0.1"

is-typed-array@^1.1.3:
  version "1.1.5"
  resolved "https://registry.npmjs.org/is-typed-array/-/is-typed-array-1.1.5.tgz"
  dependencies:
    available-typed-arrays "^1.0.2"
    call-bind "^1.0.2"
    es-abstract "^1.18.0-next.2"
    foreach "^2.0.5"
    has-symbols "^1.0.1"

is-weakmap@^2.0.1:
  version "2.0.1"
  resolved "https://registry.npmjs.org/is-weakmap/-/is-weakmap-2.0.1.tgz"

is-weakset@^2.0.1:
  version "2.0.1"
  resolved "https://registry.npmjs.org/is-weakset/-/is-weakset-2.0.1.tgz"

isarray@^2.0.5:
  version "2.0.5"
  resolved "https://registry.npmjs.org/isarray/-/isarray-2.0.5.tgz"

jsbi@^3.1.3:
  version "3.1.4"
  resolved "https://registry.npmjs.org/jsbi/-/jsbi-3.1.4.tgz"

minimist@^1.2.5:
  version "1.2.6"
  resolved "https://registry.yarnpkg.com/minimist/-/minimist-1.2.6.tgz#8637a5b759ea0d6e98702cfb3a9283323c93af44"

module-alias@^2.2.2:
  version "2.2.2"
  resolved "https://registry.npmjs.org/module-alias/-/module-alias-2.2.2.tgz"

ms@2.1.2:
  version "2.1.2"
  resolved "https://registry.npmjs.org/ms/-/ms-2.1.2.tgz"

node-abort-controller@^1.2.0:
  version "1.2.1"
  resolved "https://registry.npmjs.org/node-abort-controller/-/node-abort-controller-1.2.1.tgz"

node-fetch@^2.6.0, node-fetch@^2.6.1:
  version "2.6.7"
  resolved "https://registry.npmjs.org/node-fetch/-/node-fetch-2.6.7.tgz"
  dependencies:
    whatwg-url "^5.0.0"

object-inspect@^1.9.0:
  version "1.9.0"
  resolved "https://registry.npmjs.org/object-inspect/-/object-inspect-1.9.0.tgz"

object-is@^1.1.4:
  version "1.1.5"
  resolved "https://registry.npmjs.org/object-is/-/object-is-1.1.5.tgz"
  dependencies:
    call-bind "^1.0.2"
    define-properties "^1.1.3"

object-keys@^1.0.12, object-keys@^1.1.1:
  version "1.1.1"
  resolved "https://registry.npmjs.org/object-keys/-/object-keys-1.1.1.tgz"

object.assign@^4.1.2:
  version "4.1.2"
  resolved "https://registry.npmjs.org/object.assign/-/object.assign-4.1.2.tgz"
  dependencies:
    call-bind "^1.0.0"
    define-properties "^1.1.3"
    has-symbols "^1.0.1"
    object-keys "^1.1.1"

p-timeout@^4.1.0:
  version "4.1.0"
  resolved "https://registry.npmjs.org/p-timeout/-/p-timeout-4.1.0.tgz"

priorityqueuejs@^1.0.0:
  version "1.0.0"
  resolved "https://registry.npmjs.org/priorityqueuejs/-/priorityqueuejs-1.0.0.tgz"
  integrity "sha1-LuTyPCVgkT4IwHzlzN1t498sWvg= sha512-lg++21mreCEOuGWTbO5DnJKAdxfjrdN0S9ysoW9SzdSJvbkWpkaDdpG/cdsPCsEnoLUwmd9m3WcZhngW7yKA2g=="

regexp.prototype.flags@^1.3.0:
  version "1.3.1"
  resolved "https://registry.npmjs.org/regexp.prototype.flags/-/regexp.prototype.flags-1.3.1.tgz"
  dependencies:
    call-bind "^1.0.2"
    define-properties "^1.1.3"

safe-compare@^1.1.4:
  version "1.1.4"
  resolved "https://registry.npmjs.org/safe-compare/-/safe-compare-1.1.4.tgz"
  dependencies:
    buffer-alloc "^1.2.0"

sandwich-stream@^2.0.2:
  version "2.0.2"
  resolved "https://registry.npmjs.org/sandwich-stream/-/sandwich-stream-2.0.2.tgz"

semaphore@^1.0.5:
  version "1.1.0"
  resolved "https://registry.npmjs.org/semaphore/-/semaphore-1.1.0.tgz"

side-channel@^1.0.3:
  version "1.0.4"
  resolved "https://registry.npmjs.org/side-channel/-/side-channel-1.0.4.tgz"
  dependencies:
    call-bind "^1.0.0"
    get-intrinsic "^1.0.2"
    object-inspect "^1.9.0"

string.prototype.trimend@^1.0.4:
  version "1.0.4"
  resolved "https://registry.npmjs.org/string.prototype.trimend/-/string.prototype.trimend-1.0.4.tgz"
  dependencies:
    call-bind "^1.0.2"
    define-properties "^1.1.3"

string.prototype.trimstart@^1.0.4:
  version "1.0.4"
  resolved "https://registry.npmjs.org/string.prototype.trimstart/-/string.prototype.trimstart-1.0.4.tgz"
  dependencies:
    call-bind "^1.0.2"
    define-properties "^1.1.3"

telegraf@^4.3.0:
  version "4.3.0"
  resolved "https://registry.npmjs.org/telegraf/-/telegraf-4.3.0.tgz"
  dependencies:
    abort-controller "^3.0.0"
    debug "^4.3.1"
    minimist "^1.2.5"
    module-alias "^2.2.2"
    node-fetch "^2.6.1"
    p-timeout "^4.1.0"
    safe-compare "^1.1.4"
    sandwich-stream "^2.0.2"
    typegram "^3.2.0"

tr46@~0.0.3:
  version "0.0.3"
  resolved "https://registry.npmjs.org/tr46/-/tr46-0.0.3.tgz"
  integrity "sha1-gYT9NH2snNwYWZLzpmIuFLnZq2o= sha512-N3WMsuqV66lT30CrXNbEjx4GEwlow3v6rr4mCcv6prnfwhS01rkgyFdjPNBYd9br7LpXV1+Emh01fHnq2Gdgrw=="

tslib@^2.0.0:
  version "2.2.0"
  resolved "https://registry.npmjs.org/tslib/-/tslib-2.2.0.tgz"

typegram@^3.2.0:
  version "3.2.3"
  resolved "https://registry.npmjs.org/typegram/-/typegram-3.2.3.tgz"

unbox-primitive@^1.0.0:
  version "1.0.1"
  resolved "https://registry.npmjs.org/unbox-primitive/-/unbox-primitive-1.0.1.tgz"
  dependencies:
    function-bind "^1.1.1"
    has-bigints "^1.0.1"
    has-symbols "^1.0.2"
    which-boxed-primitive "^1.0.2"

universal-user-agent@^6.0.0:
  version "6.0.0"
  resolved "https://registry.npmjs.org/universal-user-agent/-/universal-user-agent-6.0.0.tgz"

uuid@^8.3.0:
  version "8.3.2"
  resolved "https://registry.npmjs.org/uuid/-/uuid-8.3.2.tgz"

webidl-conversions@^3.0.0:
  version "3.0.1"
  resolved "https://registry.npmjs.org/webidl-conversions/-/webidl-conversions-3.0.1.tgz"
  integrity "sha1-JFNCdeKnvGvnvIZhHMFq4KVlSHE= sha512-2JAn3z8AR6rjK8Sm8orRC0h/bcl/DqL7tRPdGZ4I1CjdF+EaMLmYxBHyXuKL849eucPFhvBoxMsflfOb8kxaeQ=="

whatwg-url@^5.0.0:
  version "5.0.0"
  resolved "https://registry.npmjs.org/whatwg-url/-/whatwg-url-5.0.0.tgz"
  integrity "sha1-lmRU6HZUYuN2RNNib2dCzotwll0= sha512-saE57nupxk6v3HY35+jzBwYa0rKSy0XR8JSxZPwgLr7ys0IBzhGviA1/TUGJLmSVqs8pb9AnvICXEuOHLprYTw=="
  dependencies:
    tr46 "~0.0.3"
    webidl-conversions "^3.0.0"

which-boxed-primitive@^1.0.1, which-boxed-primitive@^1.0.2:
  version "1.0.2"
  resolved "https://registry.npmjs.org/which-boxed-primitive/-/which-boxed-primitive-1.0.2.tgz"
  dependencies:
    is-bigint "^1.0.1"
    is-boolean-object "^1.1.0"
    is-number-object "^1.0.4"
    is-string "^1.0.5"
    is-symbol "^1.0.3"

which-collection@^1.0.1:
  version "1.0.1"
  resolved "https://registry.npmjs.org/which-collection/-/which-collection-1.0.1.tgz"
  dependencies:
    is-map "^2.0.1"
    is-set "^2.0.1"
    is-weakmap "^2.0.1"
    is-weakset "^2.0.1"

which-typed-array@^1.1.2:
  version "1.1.4"
  resolved "https://registry.npmjs.org/which-typed-array/-/which-typed-array-1.1.4.tgz"
  dependencies:
    available-typed-arrays "^1.0.2"
    call-bind "^1.0.0"
    es-abstract "^1.18.0-next.1"
    foreach "^2.0.5"
    function-bind "^1.1.1"
    has-symbols "^1.0.1"
    is-typed-array "^1.1.3"
